
Microsoft Visual Studio Solution File, Format Version 12.00
# Visual Studio Version 17
VisualStudioVersion = 17.0.31912.275
MinimumVisualStudioVersion = 10.0.40219.1
Project("{FAE04EC0-301F-11D3-BF4B-00C04F79EFBC}") = "hexalambda", "hexalambda\hexalambda.csproj", "{AD91EE49-A0B2-42D4-A75E-0766547FB226}"
EndProject
Global
	GlobalSection(SolutionConfigurationPlatforms) = preSolution
		Debug|Any CPU = Debug|Any CPU
		Release|Any CPU = Release|Any CPU
	EndGlobalSection
	GlobalSection(ProjectConfigurationPlatforms) = postSolution
		{AD91EE49-A0B2-42D4-A75E-0766547FB226}.Debug|Any CPU.ActiveCfg = Debug|Any CPU
		{AD91EE49-A0B2-42D4-A75E-0766547FB226}.Debug|Any CPU.Build.0 = Debug|Any CPU
		{AD91EE49-A0B2-42D4-A75E-0766547FB226}.Release|Any CPU.ActiveCfg = Release|Any CPU
		{AD91EE49-A0B2-42D4-A75E-0766547FB226}.Release|Any CPU.Build.0 = Release|Any CPU
	EndGlobalSection
	GlobalSection(SolutionProperties) = preSolution
		HideSolutionNode = FALSE
	EndGlobalSection
	GlobalSection(ExtensibilityGlobals) = postSolution
		SolutionGuid = {C196DC58-4018-4C72-9D47-F7E5C4948AF1}
	EndGlobalSection
EndGlobal
